
Microsoft Visual Studio Solution File, Format Version 12.00
# Visual Studio Version 17
VisualStudioVersion = 17.12.35527.113 d17.12
MinimumVisualStudioVersion = 10.0.40219.1
Project("{FAE04EC0-301F-11D3-BF4B-00C04F79EFBC}") = "TradeBank", "TradeBank\TradeBank.csproj", "{1B70C989-9AD9-4732-AABE-0CF824B403A7}"
EndProject
Global
	GlobalSection(SolutionConfigurationPlatforms) = preSolution
		Debug|Any CPU = Debug|Any CPU
		Release|Any CPU = Release|Any CPU
	EndGlobalSection
	GlobalSection(ProjectConfigurationPlatforms) = postSolution
		{1B70C989-9AD9-4732-AABE-0CF824B403A7}.Debug|Any CPU.ActiveCfg = Debug|Any CPU
		{1B70C989-9AD9-4732-AABE-0CF824B403A7}.Debug|Any CPU.Build.0 = Debug|Any CPU
		{1B70C989-9AD9-4732-AABE-0CF824B403A7}.Release|Any CPU.ActiveCfg = Release|Any CPU
		{1B70C989-9AD9-4732-AABE-0CF824B403A7}.Release|Any CPU.Build.0 = Release|Any CPU
	EndGlobalSection
	GlobalSection(SolutionProperties) = preSolution
		HideSolutionNode = FALSE
	EndGlobalSection
EndGlobal
